github.com/apache/thrift v0.13.0 h1:5hryIiq9gtn+MiLVn0wP37kb/uTeRZgN08WoCsAhIhI=
github.com/apache/thrift v0.13.0/go.mod h1:cp2SuWMxlEZw2r+iP2GNCdIi4C1qmUzdZFSVb+bacwQ=
github.com/cloudwego/thriftgo v0.1.7 h1:mTGRv6Dtwfp0hTPZXuIHwm3vtGOuZVTrWarI0xVzUYg=
github.com/cloudwego/thriftgo v0.1.7/go.mod h1:LzeafuLSiHA9JTiWC8TIMIq64iadeObgRUhmVG1OC/w=
